// !$*UTF8*$!
{
	archiveVersion = 1;
	classes = {
	};
	objectVersion = 46;
	objects = {

/* Begin PBXBuildFile section */
		4F77B95A63BFF228FF69656F /* Pods_HudlTests.framework in Frameworks */ = {isa = PBXBuildFile; fileRef = B1C1395818E07768E3569B63 /* Pods_HudlTests.framework */; };
		9602DD8C368BEC22AB723274 /* Pods_Hudl.framework in Frameworks */ = {isa = PBXBuildFile; fileRef = 027F7B290CA0AC01C2ACAF9A /* Pods_Hudl.framework */; };
		F0295A081DB678B6001CE815 /* AppDelegate.swift in Sources */ = {isa = PBXBuildFile; fileRef = F0295A071DB678B6001CE815 /* AppDelegate.swift */; };
		F0295A0A1DB678B6001CE815 /* ViewController.swift in Sources */ = {isa = PBXBuildFile; fileRef = F0295A091DB678B6001CE815 /* ViewController.swift */; };
		F0295A0D1DB678B6001CE815 /* Main.storyboard in Resources */ = {isa = PBXBuildFile; fileRef = F0295A0B1DB678B6001CE815 /* Main.storyboard */; };
		F0295A121DB678B6001CE815 /* Assets.xcassets in Resources */ = {isa = PBXBuildFile; fileRef = F0295A111DB678B6001CE815 /* Assets.xcassets */; };
		F0295A151DB678B6001CE815 /* LaunchScreen.storyboard in Resources */ = {isa = PBXBuildFile; fileRef = F0295A131DB678B6001CE815 /* LaunchScreen.storyboard */; };
		F0295A2E1DB690F5001CE815 /* HudlCell.swift in Sources */ = {isa = PBXBuildFile; fileRef = F0295A2D1DB690F5001CE815 /* HudlCell.swift */; };
		F0295A301DB6923D001CE815 /* HTTPService.swift in Sources */ = {isa = PBXBuildFile; fileRef = F0295A2F1DB6923D001CE815 /* HTTPService.swift */; };
		F040D57A1DBBB7F6009703F2 /* HudlTests.swift in Sources */ = {isa = PBXBuildFile; fileRef = F040D5791DBBB7F6009703F2 /* HudlTests.swift */; };
		F040D57C1DBBCC26009703F2 /* HudlRealmManagerTests.swift in Sources */ = {isa = PBXBuildFile; fileRef = F040D57B1DBBCC26009703F2 /* HudlRealmManagerTests.swift */; };
		F04BD08B1DB7E14000F2A592 /* HudlViewModel.swift in Sources */ = {isa = PBXBuildFile; fileRef = F04BD08A1DB7E14000F2A592 /* HudlViewModel.swift */; };
		F04BD08D1DB7E92900F2A592 /* ChannelModel.swift in Sources */ = {isa = PBXBuildFile; fileRef = F04BD08C1DB7E92900F2A592 /* ChannelModel.swift */; };
		F04BD08F1DB808A600F2A592 /* VideoModel.swift in Sources */ = {isa = PBXBuildFile; fileRef = F04BD08E1DB808A600F2A592 /* VideoModel.swift */; };
		F04BD0921DB8114B00F2A592 /* ThumbmailModel.swift in Sources */ = {isa = PBXBuildFile; fileRef = F04BD0911DB8114B00F2A592 /* ThumbmailModel.swift */; };
		F09B09E61DBA7CCE000880D8 /* RealmVideoModel.swift in Sources */ = {isa = PBXBuildFile; fileRef = F09B09E51DBA7CCE000880D8 /* RealmVideoModel.swift */; };
		F09B09EA1DBA7E03000880D8 /* RealmThumbnailModel.swift in Sources */ = {isa = PBXBuildFile; fileRef = F09B09E91DBA7E03000880D8 /* RealmThumbnailModel.swift */; };
		F09B09EC1DBA7F0D000880D8 /* HudlRealmManager.swift in Sources */ = {isa = PBXBuildFile; fileRef = F09B09EB1DBA7F0D000880D8 /* HudlRealmManager.swift */; };
		F09B09EF1DBAA85B000880D8 /* Youtube.swift in Sources */ = {isa = PBXBuildFile; fileRef = F09B09EE1DBAA85B000880D8 /* Youtube.swift */; };
		F09B09F11DBAAA66000880D8 /* PlayerViewController.swift in Sources */ = {isa = PBXBuildFile; fileRef = F09B09F01DBAAA66000880D8 /* PlayerViewController.swift */; };
		F09B09F31DBBAAAC000880D8 /* HudlViewModelTest.swift in Sources */ = {isa = PBXBuildFile; fileRef = F09B09F21DBBAAAC000880D8 /* HudlViewModelTest.swift */; };
		F09B09F51DBBAB51000880D8 /* URLSessionDataTaskMock.swift in Sources */ = {isa = PBXBuildFile; fileRef = F09B09F41DBBAB51000880D8 /* URLSessionDataTaskMock.swift */; };
		F09B09F71DBBAB62000880D8 /* NSURLSessionMock.swift in Sources */ = {isa = PBXBuildFile; fileRef = F09B09F61DBBAB62000880D8 /* NSURLSessionMock.swift */; };
		F09B09F91DBBADB0000880D8 /* HTTPServiceTest.swift in Sources */ = {isa = PBXBuildFile; fileRef = F09B09F81DBBADB0000880D8 /* HTTPServiceTest.swift */; };
/* End PBXBuildFile section */

/* Begin PBXContainerItemProxy section */
		F0295A1C1DB678B6001CE815 /* PBXContainerItemProxy */ = {
			isa = PBXContainerItemProxy;
			containerPortal = F02959FC1DB678B6001CE815 /* Project object */;
			proxyType = 1;
			remoteGlobalIDString = F0295A031DB678B6001CE815;
			remoteInfo = Hudl;
		};
/* End PBXContainerItemProxy section */

/* Begin PBXFileReference section */
		027F7B290CA0AC01C2ACAF9A /* Pods_Hudl.framework */ = {isa = PBXFileReference; explicitFileType = wrapper.framework; includeInIndex = 0; path = Pods_Hudl.framework; sourceTree = BUILT_PRODUCTS_DIR; };
		220E7D718BA1C2D09592A3A8 /* Pods-HudlTests.debug.xcconfig */ = {isa = PBXFileReference; includeInIndex = 1; lastKnownFileType = text.xcconfig; name = "Pods-HudlTests.debug.xcconfig"; path = "Pods/Target Support Files/Pods-HudlTests/Pods-HudlTests.debug.xcconfig"; sourceTree = "<group>"; };
		4D24139E9FC376D667CE4DAD /* Pods-HudlTests.release.xcconfig */ = {isa = PBXFileReference; includeInIndex = 1; lastKnownFileType = text.xcconfig; name = "Pods-HudlTests.release.xcconfig"; path = "Pods/Target Support Files/Pods-HudlTests/Pods-HudlTests.release.xcconfig"; sourceTree = "<group>"; };
		B1C1395818E07768E3569B63 /* Pods_HudlTests.framework */ = {isa = PBXFileReference; explicitFileType = wrapper.framework; includeInIndex = 0; path = Pods_HudlTests.framework; sourceTree = BUILT_PRODUCTS_DIR; };
		C1925490059627C468029497 /* Pods-Hudl.debug.xcconfig */ = {isa = PBXFileReference; includeInIndex = 1; lastKnownFileType = text.xcconfig; name = "Pods-Hudl.debug.xcconfig"; path = "Pods/Target Support Files/Pods-Hudl/Pods-Hudl.debug.xcconfig"; sourceTree = "<group>"; };
		DE6F8310FC2F8DD07B6962EF /* Pods-Hudl.release.xcconfig */ = {isa = PBXFileReference; includeInIndex = 1; lastKnownFileType = text.xcconfig; name = "Pods-Hudl.release.xcconfig"; path = "Pods/Target Support Files/Pods-Hudl/Pods-Hudl.release.xcconfig"; sourceTree = "<group>"; };
		F0295A041DB678B6001CE815 /* Hudl.app */ = {isa = PBXFileReference; explicitFileType = wrapper.application; includeInIndex = 0; path = Hudl.app; sourceTree = BUILT_PRODUCTS_DIR; };
		F0295A071DB678B6001CE815 /* AppDelegate.swift */ = {isa = PBXFileReference; lastKnownFileType = sourcecode.swift; path = AppDelegate.swift; sourceTree = "<group>"; };
		F0295A091DB678B6001CE815 /* ViewController.swift */ = {isa = PBXFileReference; lastKnownFileType = sourcecode.swift; path = ViewController.swift; sourceTree = "<group>"; };
		F0295A0C1DB678B6001CE815 /* Base */ = {isa = PBXFileReference; lastKnownFileType = file.storyboard; name = Base; path = Base.lproj/Main.storyboard; sourceTree = "<group>"; };
		F0295A111DB678B6001CE815 /* Assets.xcassets */ = {isa = PBXFileReference; lastKnownFileType = folder.assetcatalog; path = Assets.xcassets; sourceTree = "<group>"; };
		F0295A141DB678B6001CE815 /* Base */ = {isa = PBXFileReference; lastKnownFileType = file.storyboard; name = Base; path = Base.lproj/LaunchScreen.storyboard; sourceTree = "<group>"; };
		F0295A161DB678B6001CE815 /* Info.plist */ = {isa = PBXFileReference; lastKnownFileType = text.plist.xml; path = Info.plist; sourceTree = "<group>"; };
		F0295A1B1DB678B6001CE815 /* HudlTests.xctest */ = {isa = PBXFileReference; explicitFileType = wrapper.cfbundle; includeInIndex = 0; path = HudlTests.xctest; sourceTree = BUILT_PRODUCTS_DIR; };
		F0295A211DB678B6001CE815 /* Info.plist */ = {isa = PBXFileReference; lastKnownFileType = text.plist.xml; path = Info.plist; sourceTree = "<group>"; };
		F0295A2D1DB690F5001CE815 /* HudlCell.swift */ = {isa = PBXFileReference; fileEncoding = 4; lastKnownFileType = sourcecode.swift; name = HudlCell.swift; path = Cells/HudlCell.swift; sourceTree = "<group>"; };
		F0295A2F1DB6923D001CE815 /* HTTPService.swift */ = {isa = PBXFileReference; fileEncoding = 4; lastKnownFileType = sourcecode.swift; name = HTTPService.swift; path = NetworkService/HTTPService.swift; sourceTree = "<group>"; };
		F040D5791DBBB7F6009703F2 /* HudlTests.swift */ = {isa = PBXFileReference; fileEncoding = 4; lastKnownFileType = sourcecode.swift; path = HudlTests.swift; sourceTree = "<group>"; };
		F040D57B1DBBCC26009703F2 /* HudlRealmManagerTests.swift */ = {isa = PBXFileReference; fileEncoding = 4; lastKnownFileType = sourcecode.swift; path = HudlRealmManagerTests.swift; sourceTree = "<group>"; };
		F04BD08A1DB7E14000F2A592 /* HudlViewModel.swift */ = {isa = PBXFileReference; fileEncoding = 4; lastKnownFileType = sourcecode.swift; name = HudlViewModel.swift; path = ViewModel/HudlViewModel.swift; sourceTree = "<group>"; };
		F04BD08C1DB7E92900F2A592 /* ChannelModel.swift */ = {isa = PBXFileReference; fileEncoding = 4; lastKnownFileType = sourcecode.swift; name = ChannelModel.swift; path = Models/ChannelModel.swift; sourceTree = "<group>"; };
		F04BD08E1DB808A600F2A592 /* VideoModel.swift */ = {isa = PBXFileReference; fileEncoding = 4; lastKnownFileType = sourcecode.swift; name = VideoModel.swift; path = Models/VideoModel.swift; sourceTree = "<group>"; };
		F04BD0911DB8114B00F2A592 /* ThumbmailModel.swift */ = {isa = PBXFileReference; fileEncoding = 4; lastKnownFileType = sourcecode.swift; name = ThumbmailModel.swift; path = Models/ThumbmailModel.swift; sourceTree = "<group>"; };
		F09B09E51DBA7CCE000880D8 /* RealmVideoModel.swift */ = {isa = PBXFileReference; fileEncoding = 4; lastKnownFileType = sourcecode.swift; name = RealmVideoModel.swift; path = Models/RealmModels/RealmVideoModel.swift; sourceTree = "<group>"; };
		F09B09E91DBA7E03000880D8 /* RealmThumbnailModel.swift */ = {isa = PBXFileReference; fileEncoding = 4; lastKnownFileType = sourcecode.swift; name = RealmThumbnailModel.swift; path = Models/RealmModels/RealmThumbnailModel.swift; sourceTree = "<group>"; };
		F09B09EB1DBA7F0D000880D8 /* HudlRealmManager.swift */ = {isa = PBXFileReference; fileEncoding = 4; lastKnownFileType = sourcecode.swift; name = HudlRealmManager.swift; path = Manager/HudlRealmManager.swift; sourceTree = "<group>"; };
		F09B09EE1DBAA85B000880D8 /* Youtube.swift */ = {isa = PBXFileReference; fileEncoding = 4; lastKnownFileType = sourcecode.swift; path = Youtube.swift; sourceTree = "<group>"; };
		F09B09F01DBAAA66000880D8 /* PlayerViewController.swift */ = {isa = PBXFileReference; fileEncoding = 4; lastKnownFileType = sourcecode.swift; path = PlayerViewController.swift; sourceTree = "<group>"; };
		F09B09F21DBBAAAC000880D8 /* HudlViewModelTest.swift */ = {isa = PBXFileReference; fileEncoding = 4; lastKnownFileType = sourcecode.swift; path = HudlViewModelTest.swift; sourceTree = "<group>"; };
		F09B09F41DBBAB51000880D8 /* URLSessionDataTaskMock.swift */ = {isa = PBXFileReference; fileEncoding = 4; lastKnownFileType = sourcecode.swift; path = URLSessionDataTaskMock.swift; sourceTree = "<group>"; };
		F09B09F61DBBAB62000880D8 /* NSURLSessionMock.swift */ = {isa = PBXFileReference; fileEncoding = 4; lastKnownFileType = sourcecode.swift; path = NSURLSessionMock.swift; sourceTree = "<group>"; };
		F09B09F81DBBADB0000880D8 /* HTTPServiceTest.swift */ = {isa = PBXFileReference; fileEncoding = 4; lastKnownFileType = sourcecode.swift; path = HTTPServiceTest.swift; sourceTree = "<group>"; };
/* End PBXFileReference section */

/* Begin PBXFrameworksBuildPhase section */
		F0295A011DB678B6001CE815 /* Frameworks */ = {
			isa = PBXFrameworksBuildPhase;
			buildActionMask = 2147483647;
			files = (
				9602DD8C368BEC22AB723274 /* Pods_Hudl.framework in Frameworks */,
			);
			runOnlyForDeploymentPostprocessing = 0;
		};
		F0295A181DB678B6001CE815 /* Frameworks */ = {
			isa = PBXFrameworksBuildPhase;
			buildActionMask = 2147483647;
			files = (
				4F77B95A63BFF228FF69656F /* Pods_HudlTests.framework in Frameworks */,
			);
			runOnlyForDeploymentPostprocessing = 0;
		};
/* End PBXFrameworksBuildPhase section */

/* Begin PBXGroup section */
		5EF56A7CBA712D344062AA46 /* Pods */ = {
			isa = PBXGroup;
			children = (
				C1925490059627C468029497 /* Pods-Hudl.debug.xcconfig */,
				DE6F8310FC2F8DD07B6962EF /* Pods-Hudl.release.xcconfig */,
				220E7D718BA1C2D09592A3A8 /* Pods-HudlTests.debug.xcconfig */,
				4D24139E9FC376D667CE4DAD /* Pods-HudlTests.release.xcconfig */,
			);
			name = Pods;
			sourceTree = "<group>";
		};
		D9407807ECE533347748B761 /* Frameworks */ = {
			isa = PBXGroup;
			children = (
				027F7B290CA0AC01C2ACAF9A /* Pods_Hudl.framework */,
				B1C1395818E07768E3569B63 /* Pods_HudlTests.framework */,
			);
			name = Frameworks;
			sourceTree = "<group>";
		};
		F02959FB1DB678B6001CE815 = {
			isa = PBXGroup;
			children = (
				F0295A061DB678B6001CE815 /* Hudl */,
				F0295A1E1DB678B6001CE815 /* HudlTests */,
				F0295A051DB678B6001CE815 /* Products */,
				5EF56A7CBA712D344062AA46 /* Pods */,
				D9407807ECE533347748B761 /* Frameworks */,
			);
			sourceTree = "<group>";
		};
		F0295A051DB678B6001CE815 /* Products */ = {
			isa = PBXGroup;
			children = (
				F0295A041DB678B6001CE815 /* Hudl.app */,
				F0295A1B1DB678B6001CE815 /* HudlTests.xctest */,
			);
			name = Products;
			sourceTree = "<group>";
		};
		F0295A061DB678B6001CE815 /* Hudl */ = {
			isa = PBXGroup;
			children = (
				F09B09E71DBA7DA7000880D8 /* Managers */,
				F04BD0901DB808F500F2A592 /* Models */,
				F0295A331DB6926C001CE815 /* Cells */,
				F0295A321DB69255001CE815 /* ViewControllers */,
				F0295A311DB69242001CE815 /* NetworkConnection */,
				F0295A071DB678B6001CE815 /* AppDelegate.swift */,
				F0295A0B1DB678B6001CE815 /* Main.storyboard */,
				F0295A111DB678B6001CE815 /* Assets.xcassets */,
				F0295A131DB678B6001CE815 /* LaunchScreen.storyboard */,
				F0295A161DB678B6001CE815 /* Info.plist */,
				F09B09ED1DBAA850000880D8 /* ExternalLibrary */,
			);
			path = Hudl;
			sourceTree = "<group>";
		};
		F0295A1E1DB678B6001CE815 /* HudlTests */ = {
			isa = PBXGroup;
			children = (
				F0295A211DB678B6001CE815 /* Info.plist */,
				F040D5791DBBB7F6009703F2 /* HudlTests.swift */,
				F09B09F21DBBAAAC000880D8 /* HudlViewModelTest.swift */,
				F09B09F61DBBAB62000880D8 /* NSURLSessionMock.swift */,
				F09B09F41DBBAB51000880D8 /* URLSessionDataTaskMock.swift */,
				F09B09F81DBBADB0000880D8 /* HTTPServiceTest.swift */,
				F040D57B1DBBCC26009703F2 /* HudlRealmManagerTests.swift */,
			);
			path = HudlTests;
			sourceTree = "<group>";
		};
		F0295A311DB69242001CE815 /* NetworkConnection */ = {
			isa = PBXGroup;
			children = (
				F0295A2F1DB6923D001CE815 /* HTTPService.swift */,
			);
			name = NetworkConnection;
			sourceTree = "<group>";
		};
		F0295A321DB69255001CE815 /* ViewControllers */ = {
			isa = PBXGroup;
			children = (
				F0295A091DB678B6001CE815 /* ViewController.swift */,
				F09B09F01DBAAA66000880D8 /* PlayerViewController.swift */,
			);
			name = ViewControllers;
			sourceTree = "<group>";
		};
		F0295A331DB6926C001CE815 /* Cells */ = {
			isa = PBXGroup;
			children = (
				F0295A2D1DB690F5001CE815 /* HudlCell.swift */,
			);
			name = Cells;
			sourceTree = "<group>";
		};
		F04BD0901DB808F500F2A592 /* Models */ = {
			isa = PBXGroup;
			children = (
				F09B09E81DBA7DBC000880D8 /* RealmModels */,
				F04BD08E1DB808A600F2A592 /* VideoModel.swift */,
				F04BD08C1DB7E92900F2A592 /* ChannelModel.swift */,
				F04BD0911DB8114B00F2A592 /* ThumbmailModel.swift */,
			);
			name = Models;
			sourceTree = "<group>";
		};
		F09B09E71DBA7DA7000880D8 /* Managers */ = {
			isa = PBXGroup;
			children = (
				F04BD08A1DB7E14000F2A592 /* HudlViewModel.swift */,
				F09B09EB1DBA7F0D000880D8 /* HudlRealmManager.swift */,
			);
			name = Managers;
			sourceTree = "<group>";
		};
		F09B09E81DBA7DBC000880D8 /* RealmModels */ = {
			isa = PBXGroup;
			children = (
				F09B09E51DBA7CCE000880D8 /* RealmVideoModel.swift */,
				F09B09E91DBA7E03000880D8 /* RealmThumbnailModel.swift */,
			);
			name = RealmModels;
			sourceTree = "<group>";
		};
		F09B09ED1DBAA850000880D8 /* ExternalLibrary */ = {
			isa = PBXGroup;
			children = (
				F09B09EE1DBAA85B000880D8 /* Youtube.swift */,
			);
			name = ExternalLibrary;
			sourceTree = "<group>";
		};
/* End PBXGroup section */

/* Begin PBXNativeTarget section */
		F0295A031DB678B6001CE815 /* Hudl */ = {
			isa = PBXNativeTarget;
			buildConfigurationList = F0295A241DB678B6001CE815 /* Build configuration list for PBXNativeTarget "Hudl" */;
			buildPhases = (
				B58CB4B1F4E64D97BF47CCC4 /* [CP] Check Pods Manifest.lock */,
				F0295A001DB678B6001CE815 /* Sources */,
				F0295A011DB678B6001CE815 /* Frameworks */,
				F0295A021DB678B6001CE815 /* Resources */,
				33A4BA4AA95503024A8E81A6 /* [CP] Embed Pods Frameworks */,
				A8908AD05852C2BCA21D8574 /* [CP] Copy Pods Resources */,
			);
			buildRules = (
			);
			dependencies = (
			);
			name = Hudl;
			productName = Hudl;
			productReference = F0295A041DB678B6001CE815 /* Hudl.app */;
			productType = "com.apple.product-type.application";
		};
		F0295A1A1DB678B6001CE815 /* HudlTests */ = {
			isa = PBXNativeTarget;
			buildConfigurationList = F0295A271DB678B6001CE815 /* Build configuration list for PBXNativeTarget "HudlTests" */;
			buildPhases = (
				66F292BF508B680C0BA7FA8A /* [CP] Check Pods Manifest.lock */,
				F0295A171DB678B6001CE815 /* Sources */,
				F0295A181DB678B6001CE815 /* Frameworks */,
				F0295A191DB678B6001CE815 /* Resources */,
				A9B591A09D1A24511642BF4F /* [CP] Embed Pods Frameworks */,
				41E94E877469C32E78478ABE /* [CP] Copy Pods Resources */,
			);
			buildRules = (
			);
			dependencies = (
				F0295A1D1DB678B6001CE815 /* PBXTargetDependency */,
			);
			name = HudlTests;
			productName = HudlTests;
			productReference = F0295A1B1DB678B6001CE815 /* HudlTests.xctest */;
			productType = "com.apple.product-type.bundle.unit-test";
		};
/* End PBXNativeTarget section */

/* Begin PBXProject section */
		F02959FC1DB678B6001CE815 /* Project object */ = {
			isa = PBXProject;
			attributes = {
				LastSwiftUpdateCheck = 0800;
				LastUpgradeCheck = 0800;
				ORGANIZATIONNAME = "Aleix Guri";
				TargetAttributes = {
					F0295A031DB678B6001CE815 = {
						CreatedOnToolsVersion = 8.0;
						DevelopmentTeam = 5XSFCZJC48;
						ProvisioningStyle = Automatic;
					};
					F0295A1A1DB678B6001CE815 = {
						CreatedOnToolsVersion = 8.0;
						DevelopmentTeam = 5XSFCZJC48;
						ProvisioningStyle = Automatic;
						TestTargetID = F0295A031DB678B6001CE815;
					};
				};
			};
			buildConfigurationList = F02959FF1DB678B6001CE815 /* Build configuration list for PBXProject "Hudl" */;
			compatibilityVersion = "Xcode 3.2";
			developmentRegion = English;
			hasScannedForEncodings = 0;
			knownRegions = (
				en,
				Base,
			);
			mainGroup = F02959FB1DB678B6001CE815;
			productRefGroup = F0295A051DB678B6001CE815 /* Products */;
			projectDirPath = "";
			projectRoot = "";
			targets = (
				F0295A031DB678B6001CE815 /* Hudl */,
				F0295A1A1DB678B6001CE815 /* HudlTests */,
			);
		};
/* End PBXProject section */

/* Begin PBXResourcesBuildPhase section */
		F0295A021DB678B6001CE815 /* Resources */ = {
			isa = PBXResourcesBuildPhase;
			buildActionMask = 2147483647;
			files = (
				F0295A151DB678B6001CE815 /* LaunchScreen.storyboard in Resources */,
				F0295A121DB678B6001CE815 /* Assets.xcassets in Resources */,
				F0295A0D1DB678B6001CE815 /* Main.storyboard in Resources */,
			);
			runOnlyForDeploymentPostprocessing = 0;
		};
		F0295A191DB678B6001CE815 /* Resources */ = {
			isa = PBXResourcesBuildPhase;
			buildActionMask = 2147483647;
			files = (
			);
			runOnlyForDeploymentPostprocessing = 0;
		};
/* End PBXResourcesBuildPhase section */

/* Begin PBXShellScriptBuildPhase section */
		33A4BA4AA95503024A8E81A6 /* [CP] Embed Pods Frameworks */ = {
			isa = PBXShellScriptBuildPhase;
			buildActionMask = 2147483647;
			files = (
			);
			inputPaths = (
			);
			name = "[CP] Embed Pods Frameworks";
			outputPaths = (
			);
			runOnlyForDeploymentPostprocessing = 0;
			shellPath = /bin/sh;
			shellScript = "\"${SRCROOT}/Pods/Target Support Files/Pods-Hudl/Pods-Hudl-frameworks.sh\"\n";
			showEnvVarsInLog = 0;
		};
		41E94E877469C32E78478ABE /* [CP] Copy Pods Resources */ = {
			isa = PBXShellScriptBuildPhase;
			buildActionMask = 2147483647;
			files = (
			);
			inputPaths = (
			);
			name = "[CP] Copy Pods Resources";
			outputPaths = (
			);
			runOnlyForDeploymentPostprocessing = 0;
			shellPath = /bin/sh;
			shellScript = "\"${SRCROOT}/Pods/Target Support Files/Pods-HudlTests/Pods-HudlTests-resources.sh\"\n";
			showEnvVarsInLog = 0;
		};
		66F292BF508B680C0BA7FA8A /* [CP] Check Pods Manifest.lock */ = {
			isa = PBXShellScriptBuildPhase;
			buildActionMask = 2147483647;
			files = (
			);
			inputPaths = (
			);
			name = "[CP] Check Pods Manifest.lock";
			outputPaths = (
			);
			runOnlyForDeploymentPostprocessing = 0;
			shellPath = /bin/sh;
			shellScript = "diff \"${PODS_ROOT}/../Podfile.lock\" \"${PODS_ROOT}/Manifest.lock\" > /dev/null\nif [ $? != 0 ] ; then\n    # print error to STDERR\n    echo \"error: The sandbox is not in sync with the Podfile.lock. Run 'pod install' or update your CocoaPods installation.\" >&2\n    exit 1\nfi\n";
			showEnvVarsInLog = 0;
		};
		A8908AD05852C2BCA21D8574 /* [CP] Copy Pods Resources */ = {
			isa = PBXShellScriptBuildPhase;
			buildActionMask = 2147483647;
			files = (
			);
			inputPaths = (
			);
			name = "[CP] Copy Pods Resources";
			outputPaths = (
			);
			runOnlyForDeploymentPostprocessing = 0;
			shellPath = /bin/sh;
			shellScript = "\"${SRCROOT}/Pods/Target Support Files/Pods-Hudl/Pods-Hudl-resources.sh\"\n";
			showEnvVarsInLog = 0;
		};
		A9B591A09D1A24511642BF4F /* [CP] Embed Pods Frameworks */ = {
			isa = PBXShellScriptBuildPhase;
			buildActionMask = 2147483647;
			files = (
			);
			inputPaths = (
			);
			name = "[CP] Embed Pods Frameworks";
			outputPaths = (
			);
			runOnlyForDeploymentPostprocessing = 0;
			shellPath = /bin/sh;
			shellScript = "\"${SRCROOT}/Pods/Target Support Files/Pods-HudlTests/Pods-HudlTests-frameworks.sh\"\n";
			showEnvVarsInLog = 0;
		};
		B58CB4B1F4E64D97BF47CCC4 /* [CP] Check Pods Manifest.lock */ = {
			isa = PBXShellScriptBuildPhase;
			buildActionMask = 2147483647;
			files = (
			);
			inputPaths = (
			);
			name = "[CP] Check Pods Manifest.lock";
			outputPaths = (
			);
			runOnlyForDeploymentPostprocessing = 0;
			shellPath = /bin/sh;
			shellScript = "diff \"${PODS_ROOT}/../Podfile.lock\" \"${PODS_ROOT}/Manifest.lock\" > /dev/null\nif [ $? != 0 ] ; then\n    # print error to STDERR\n    echo \"error: The sandbox is not in sync with the Podfile.lock. Run 'pod install' or update your CocoaPods installation.\" >&2\n    exit 1\nfi\n";
			showEnvVarsInLog = 0;
		};
/* End PBXShellScriptBuildPhase section */

/* Begin PBXSourcesBuildPhase section */
		F0295A001DB678B6001CE815 /* Sources */ = {
			isa = PBXSourcesBuildPhase;
			buildActionMask = 2147483647;
			files = (
				F0295A301DB6923D001CE815 /* HTTPService.swift in Sources */,
				F0295A0A1DB678B6001CE815 /* ViewController.swift in Sources */,
				F04BD0921DB8114B00F2A592 /* ThumbmailModel.swift in Sources */,
				F04BD08F1DB808A600F2A592 /* VideoModel.swift in Sources */,
				F0295A2E1DB690F5001CE815 /* HudlCell.swift in Sources */,
				F0295A081DB678B6001CE815 /* AppDelegate.swift in Sources */,
				F09B09E61DBA7CCE000880D8 /* RealmVideoModel.swift in Sources */,
				F09B09F11DBAAA66000880D8 /* PlayerViewController.swift in Sources */,
				F09B09EC1DBA7F0D000880D8 /* HudlRealmManager.swift in Sources */,
				F04BD08B1DB7E14000F2A592 /* HudlViewModel.swift in Sources */,
				F09B09EF1DBAA85B000880D8 /* Youtube.swift in Sources */,
				F09B09EA1DBA7E03000880D8 /* RealmThumbnailModel.swift in Sources */,
				F04BD08D1DB7E92900F2A592 /* ChannelModel.swift in Sources */,
			);
			runOnlyForDeploymentPostprocessing = 0;
		};
		F0295A171DB678B6001CE815 /* Sources */ = {
			isa = PBXSourcesBuildPhase;
			buildActionMask = 2147483647;
			files = (
				F09B09F31DBBAAAC000880D8 /* HudlViewModelTest.swift in Sources */,
				F040D57A1DBBB7F6009703F2 /* HudlTests.swift in Sources */,
				F09B09F51DBBAB51000880D8 /* URLSessionDataTaskMock.swift in Sources */,
				F09B09F91DBBADB0000880D8 /* HTTPServiceTest.swift in Sources */,
				F040D57C1DBBCC26009703F2 /* HudlRealmManagerTests.swift in Sources */,
				F09B09F71DBBAB62000880D8 /* NSURLSessionMock.swift in Sources */,
			);
			runOnlyForDeploymentPostprocessing = 0;
		};
/* End PBXSourcesBuildPhase section */

/* Begin PBXTargetDependency section */
		F0295A1D1DB678B6001CE815 /* PBXTargetDependency */ = {
			isa = PBXTargetDependency;
			target = F0295A031DB678B6001CE815 /* Hudl */;
			targetProxy = F0295A1C1DB678B6001CE815 /* PBXContainerItemProxy */;
		};
/* End PBXTargetDependency section */

/* Begin PBXVariantGroup section */
		F0295A0B1DB678B6001CE815 /* Main.storyboard */ = {
			isa = PBXVariantGroup;
			children = (
				F0295A0C1DB678B6001CE815 /* Base */,
			);
			name = Main.storyboard;
			sourceTree = "<group>";
		};
		F0295A131DB678B6001CE815 /* LaunchScreen.storyboard */ = {
			isa = PBXVariantGroup;
			children = (
				F0295A141DB678B6001CE815 /* Base */,
			);
			name = LaunchScreen.storyboard;
			sourceTree = "<group>";
		};
/* End PBXVariantGroup section */

/* Begin XCBuildConfiguration section */
		F0295A221DB678B6001CE815 /* Debug */ = {
			isa = XCBuildConfiguration;
			buildSettings = {
				ALWAYS_SEARCH_USER_PATHS = NO;
				CLANG_ANALYZER_NONNULL = YES;
				CLANG_CXX_LANGUAGE_STANDARD = "gnu++0x";
				CLANG_CXX_LIBRARY = "libc++";
				CLANG_ENABLE_MODULES = YES;
				CLANG_ENABLE_OBJC_ARC = YES;
				CLANG_WARN_BOOL_CONVERSION = YES;
				CLANG_WARN_CONSTANT_CONVERSION = YES;
				CLANG_WARN_DIRECT_OBJC_ISA_USAGE = YES_ERROR;
				CLANG_WARN_DOCUMENTATION_COMMENTS = YES;
				CLANG_WARN_EMPTY_BODY = YES;
				CLANG_WARN_ENUM_CONVERSION = YES;
				CLANG_WARN_INFINITE_RECURSION = YES;
				CLANG_WARN_INT_CONVERSION = YES;
				CLANG_WARN_OBJC_ROOT_CLASS = YES_ERROR;
				CLANG_WARN_SUSPICIOUS_MOVE = YES;
				CLANG_WARN_SUSPICIOUS_MOVES = YES;
				CLANG_WARN_UNREACHABLE_CODE = YES;
				CLANG_WARN__DUPLICATE_METHOD_MATCH = YES;
				"CODE_SIGN_IDENTITY[sdk=iphoneos*]" = "iPhone Developer";
				COPY_PHASE_STRIP = NO;
				DEBUG_INFORMATION_FORMAT = dwarf;
				ENABLE_STRICT_OBJC_MSGSEND = YES;
				ENABLE_TESTABILITY = YES;
				GCC_C_LANGUAGE_STANDARD = gnu99;
				GCC_DYNAMIC_NO_PIC = NO;
				GCC_NO_COMMON_BLOCKS = YES;
				GCC_OPTIMIZATION_LEVEL = 0;
				GCC_PREPROCESSOR_DEFINITIONS = (
					"DEBUG=1",
					"$(inherited)",
				);
				GCC_WARN_64_TO_32_BIT_CONVERSION = YES;
				GCC_WARN_ABOUT_RETURN_TYPE = YES_ERROR;
				GCC_WARN_UNDECLARED_SELECTOR = YES;
				GCC_WARN_UNINITIALIZED_AUTOS = YES_AGGRESSIVE;
				GCC_WARN_UNUSED_FUNCTION = YES;
				GCC_WARN_UNUSED_VARIABLE = YES;
				IPHONEOS_DEPLOYMENT_TARGET = 10.0;
				MTL_ENABLE_DEBUG_INFO = YES;
				ONLY_ACTIVE_ARCH = YES;
				SDKROOT = iphoneos;
				SWIFT_ACTIVE_COMPILATION_CONDITIONS = DEBUG;
				SWIFT_OPTIMIZATION_LEVEL = "-Onone";
			};
			name = Debug;
		};
		F0295A231DB678B6001CE815 /* Release */ = {
			isa = XCBuildConfiguration;
			buildSettings = {
				ALWAYS_SEARCH_USER_PATHS = NO;
				CLANG_ANALYZER_NONNULL = YES;
				CLANG_CXX_LANGUAGE_STANDARD = "gnu++0x";
				CLANG_CXX_LIBRARY = "libc++";
				CLANG_ENABLE_MODULES = YES;
				CLANG_ENABLE_OBJC_ARC = YES;
				CLANG_WARN_BOOL_CONVERSION = YES;
				CLANG_WARN_CONSTANT_CONVERSION = YES;
				CLANG_WARN_DIRECT_OBJC_ISA_USAGE = YES_ERROR;
				CLANG_WARN_DOCUMENTATION_COMMENTS = YES;
				CLANG_WARN_EMPTY_BODY = YES;
				CLANG_WARN_ENUM_CONVERSION = YES;
				CLANG_WARN_INFINITE_RECURSION = YES;
				CLANG_WARN_INT_CONVERSION = YES;
				CLANG_WARN_OBJC_ROOT_CLASS = YES_ERROR;
				CLANG_WARN_SUSPICIOUS_MOVE = YES;
				CLANG_WARN_SUSPICIOUS_MOVES = YES;
				CLANG_WARN_UNREACHABLE_CODE = YES;
				CLANG_WARN__DUPLICATE_METHOD_MATCH = YES;
				"CODE_SIGN_IDENTITY[sdk=iphoneos*]" = "iPhone Developer";
				COPY_PHASE_STRIP = NO;
				DEBUG_INFORMATION_FORMAT = "dwarf-with-dsym";
				ENABLE_NS_ASSERTIONS = NO;
				ENABLE_STRICT_OBJC_MSGSEND = YES;
				GCC_C_LANGUAGE_STANDARD = gnu99;
				GCC_NO_COMMON_BLOCKS = YES;
				GCC_WARN_64_TO_32_BIT_CONVERSION = YES;
				GCC_WARN_ABOUT_RETURN_TYPE = YES_ERROR;
				GCC_WARN_UNDECLARED_SELECTOR = YES;
				GCC_WARN_UNINITIALIZED_AUTOS = YES_AGGRESSIVE;
				GCC_WARN_UNUSED_FUNCTION = YES;
				GCC_WARN_UNUSED_VARIABLE = YES;
				IPHONEOS_DEPLOYMENT_TARGET = 10.0;
				MTL_ENABLE_DEBUG_INFO = NO;
				SDKROOT = iphoneos;
				SWIFT_OPTIMIZATION_LEVEL = "-Owholemodule";
				VALIDATE_PRODUCT = YES;
			};
			name = Release;
		};
		F0295A251DB678B6001CE815 /* Debug */ = {
			isa = XCBuildConfiguration;
			baseConfigurationReference = C1925490059627C468029497 /* Pods-Hudl.debug.xcconfig */;
			buildSettings = {
				ASSETCATALOG_COMPILER_APPICON_NAME = AppIcon;
				DEVELOPMENT_TEAM = 5XSFCZJC48;
				EMBEDDED_CONTENT_CONTAINS_SWIFT = "$(inherited)";
				INFOPLIST_FILE = Hudl/Info.plist;
				LD_RUNPATH_SEARCH_PATHS = "$(inherited) @executable_path/Frameworks";
				PRODUCT_BUNDLE_IDENTIFIER = com.crisredfi.Hudl;
				PRODUCT_NAME = "$(TARGET_NAME)";
				SWIFT_VERSION = 3.0;
				TARGETED_DEVICE_FAMILY = "1,2";
			};
			name = Debug;
		};
		F0295A261DB678B6001CE815 /* Release */ = {
			isa = XCBuildConfiguration;
			baseConfigurationReference = DE6F8310FC2F8DD07B6962EF /* Pods-Hudl.release.xcconfig */;
			buildSettings = {
				ASSETCATALOG_COMPILER_APPICON_NAME = AppIcon;
				DEVELOPMENT_TEAM = 5XSFCZJC48;
				EMBEDDED_CONTENT_CONTAINS_SWIFT = "$(inherited)";
				INFOPLIST_FILE = Hudl/Info.plist;
				LD_RUNPATH_SEARCH_PATHS = "$(inherited) @executable_path/Frameworks";
				PRODUCT_BUNDLE_IDENTIFIER = com.crisredfi.Hudl;
				PRODUCT_NAME = "$(TARGET_NAME)";
				SWIFT_VERSION = 3.0;
				TARGETED_DEVICE_FAMILY = "1,2";
			};
			name = Release;
		};
		F0295A281DB678B6001CE815 /* Debug */ = {
			isa = XCBuildConfiguration;
			baseConfigurationReference = 220E7D718BA1C2D09592A3A8 /* Pods-HudlTests.debug.xcconfig */;
			buildSettings = {
				ALWAYS_EMBED_SWIFT_STANDARD_LIBRARIES = "$(inherited)";
				BUNDLE_LOADER = "$(TEST_HOST)";
				DEVELOPMENT_TEAM = 5XSFCZJC48;
				EMBEDDED_CONTENT_CONTAINS_SWIFT = " $(inherited)";
				INFOPLIST_FILE = HudlTests/Info.plist;
				LD_RUNPATH_SEARCH_PATHS = "$(inherited) @executable_path/Frameworks @loader_path/Frameworks";
				PRODUCT_BUNDLE_IDENTIFIER = com.crisredfi.HudlTests;
				PRODUCT_NAME = "$(TARGET_NAME)";
				SWIFT_VERSION = 3.0;
				TEST_HOST = "$(BUILT_PRODUCTS_DIR)/Hudl.app/Hudl";
			};
			name = Debug;
		};
		F0295A291DB678B6001CE815 /* Release */ = {
			isa = XCBuildConfiguration;
			baseConfigurationReference = 4D24139E9FC376D667CE4DAD /* Pods-HudlTests.release.xcconfig */;
			buildSettings = {
				ALWAYS_EMBED_SWIFT_STANDARD_LIBRARIES = "$(inherited)";
				BUNDLE_LOADER = "$(TEST_HOST)";
				DEVELOPMENT_TEAM = 5XSFCZJC48;
				EMBEDDED_CONTENT_CONTAINS_SWIFT = " $(inherited)";
				INFOPLIST_FILE = HudlTests/Info.plist;
				LD_RUNPATH_SEARCH_PATHS = "$(inherited) @executable_path/Frameworks @loader_path/Frameworks";
				PRODUCT_BUNDLE_IDENTIFIER = com.crisredfi.HudlTests;
				PRODUCT_NAME = "$(TARGET_NAME)";
				SWIFT_VERSION = 3.0;
				TEST_HOST = "$(BUILT_PRODUCTS_DIR)/Hudl.app/Hudl";
			};
			name = Release;
		};
/* End XCBuildConfiguration section */

/* Begin XCConfigurationList section */
		F02959FF1DB678B6001CE815 /* Build configuration list for PBXProject "Hudl" */ = {
			isa = XCConfigurationList;
			buildConfigurations = (
				F0295A221DB678B6001CE815 /* Debug */,
				F0295A231DB678B6001CE815 /* Release */,
			);
			defaultConfigurationIsVisible = 0;
			defaultConfigurationName = Release;
		};
		F0295A241DB678B6001CE815 /* Build configuration list for PBXNativeTarget "Hudl" */ = {
			isa = XCConfigurationList;
			buildConfigurations = (
				F0295A251DB678B6001CE815 /* Debug */,
				F0295A261DB678B6001CE815 /* Release */,
			);
			defaultConfigurationIsVisible = 0;
			defaultConfigurationName = Release;
		};
		F0295A271DB678B6001CE815 /* Build configuration list for PBXNativeTarget "HudlTests" */ = {
			isa = XCConfigurationList;
			buildConfigurations = (
				F0295A281DB678B6001CE815 /* Debug */,
				F0295A291DB678B6001CE815 /* Release */,
			);
			defaultConfigurationIsVisible = 0;
			defaultConfigurationName = Release;
		};
/* End XCConfigurationList section */
	};
	rootObject = F02959FC1DB678B6001CE815 /* Project object */;
}
